
Microsoft Visual Studio Solution File, Format Version 12.00
# Visual Studio Version 17
VisualStudioVersion = 17.6.33723.286
MinimumVisualStudioVersion = 10.0.40219.1
Project("{FAE04EC0-301F-11D3-BF4B-00C04F79EFBC}") = "PhoneBookWeb", "PhoneBookWeb\PhoneBookWeb.csproj", "{A2651ABB-4B05-4928-AEE8-EC3AF6727CE6}"
EndProject
Global
	GlobalSection(SolutionConfigurationPlatforms) = preSolution
		Debug|Any CPU = Debug|Any CPU
		Release|Any CPU = Release|Any CPU
	EndGlobalSection
	GlobalSection(ProjectConfigurationPlatforms) = postSolution
		{A2651ABB-4B05-4928-AEE8-EC3AF6727CE6}.Debug|Any CPU.ActiveCfg = Debug|Any CPU
		{A2651ABB-4B05-4928-AEE8-EC3AF6727CE6}.Debug|Any CPU.Build.0 = Debug|Any CPU
		{A2651ABB-4B05-4928-AEE8-EC3AF6727CE6}.Release|Any CPU.ActiveCfg = Release|Any CPU
		{A2651ABB-4B05-4928-AEE8-EC3AF6727CE6}.Release|Any CPU.Build.0 = Release|Any CPU
	EndGlobalSection
	GlobalSection(SolutionProperties) = preSolution
		HideSolutionNode = FALSE
	EndGlobalSection
	GlobalSection(ExtensibilityGlobals) = postSolution
		SolutionGuid = {4F01E585-A01C-41C2-A0A9-0AC3C5032200}
	EndGlobalSection
EndGlobal
